// !$*UTF8*$!
{
	archiveVersion = 1;
	classes = {
	};
	objectVersion = 52;
	objects = {

/* Begin PBXBuildFile section */
		1276A0D304FEEBD79AED5841 /* libPods-iOS ExampleTests.a in Frameworks */ = {isa = PBXBuildFile; fileRef = DD9187C74AE0295A50CC1631 /* libPods-iOS ExampleTests.a */; };
		3A39D09C2757536E0022CB8B /* ViewController.swift in Sources */ = {isa = PBXBuildFile; fileRef = 3A39D09A2757536E0022CB8B /* ViewController.swift */; };
		3A39D09D2757536E0022CB8B /* AppDelegate.swift in Sources */ = {isa = PBXBuildFile; fileRef = 3A39D09B2757536E0022CB8B /* AppDelegate.swift */; };
		6B489FF3279A796F007DB020 /* GeneratedMocks.swift in Sources */ = {isa = PBXBuildFile; fileRef = 6B489FF2279A796F007DB020 /* GeneratedMocks.swift */; };
		6B92B4D427992AE5005968DC /* BlockValidatorHelperTests.swift in Sources */ = {isa = PBXBuildFile; fileRef = 6B92B48127992AE5005968DC /* BlockValidatorHelperTests.swift */; };
		6B92B4D527992AE5005968DC /* AddressConverterTests.swift in Sources */ = {isa = PBXBuildFile; fileRef = 6B92B48227992AE5005968DC /* AddressConverterTests.swift */; };
		6B92B4D627992AE5005968DC /* PaymentAddressParserTests.swift in Sources */ = {isa = PBXBuildFile; fileRef = 6B92B48327992AE5005968DC /* PaymentAddressParserTests.swift */; };
		6B92B4D727992AE5005968DC /* MerkleBranchTests.swift in Sources */ = {isa = PBXBuildFile; fileRef = 6B92B48427992AE5005968DC /* MerkleBranchTests.swift */; };
		6B92B4D827992AE5005968DC /* Bip69Tests.swift in Sources */ = {isa = PBXBuildFile; fileRef = 6B92B48527992AE5005968DC /* Bip69Tests.swift */; };
		6B92B4D927992AE5005968DC /* TestData.swift in Sources */ = {isa = PBXBuildFile; fileRef = 6B92B48627992AE5005968DC /* TestData.swift */; };
		6B92B4DA27992AE5005968DC /* SegWitBech32AddressConverterTests.swift in Sources */ = {isa = PBXBuildFile; fileRef = 6B92B48827992AE5005968DC /* SegWitBech32AddressConverterTests.swift */; };
		6B92B4DB27992AE5005968DC /* TransactionOutputExtractorTests.swift in Sources */ = {isa = PBXBuildFile; fileRef = 6B92B48A27992AE5005968DC /* TransactionOutputExtractorTests.swift */; };
		6B92B4DC27992AE5005968DC /* TransactionCreatorTests.swift in Sources */ = {isa = PBXBuildFile; fileRef = 6B92B48B27992AE5005968DC /* TransactionCreatorTests.swift */; };
		6B92B4DD27992AE5005968DC /* TransactionPublicKeySetterTests.swift in Sources */ = {isa = PBXBuildFile; fileRef = 6B92B48C27992AE5005968DC /* TransactionPublicKeySetterTests.swift */; };
		6B92B4DE27992AE5005968DC /* TransactionProcessorTests.swift in Sources */ = {isa = PBXBuildFile; fileRef = 6B92B48D27992AE5005968DC /* TransactionProcessorTests.swift */; };
		6B92B4DF27992AE5005968DC /* OutputSetterTests.swift in Sources */ = {isa = PBXBuildFile; fileRef = 6B92B48E27992AE5005968DC /* OutputSetterTests.swift */; };
		6B92B4E027992AE5005968DC /* TransactionOutputAddressExtractorTests.swift in Sources */ = {isa = PBXBuildFile; fileRef = 6B92B48F27992AE5005968DC /* TransactionOutputAddressExtractorTests.swift */; };
		6B92B4E127992AE5005968DC /* TransactionSyncerTests.swift in Sources */ = {isa = PBXBuildFile; fileRef = 6B92B49027992AE5005968DC /* TransactionSyncerTests.swift */; };
		6B92B4E227992AE5005968DC /* ScriptTests.swift in Sources */ = {isa = PBXBuildFile; fileRef = 6B92B49227992AE5005968DC /* ScriptTests.swift */; };
		6B92B4E327992AE5005968DC /* ChunkTests.swift in Sources */ = {isa = PBXBuildFile; fileRef = 6B92B49327992AE5005968DC /* ChunkTests.swift */; };
		6B92B4E427992AE5005968DC /* ScriptConverterTests.swift in Sources */ = {isa = PBXBuildFile; fileRef = 6B92B49427992AE5005968DC /* ScriptConverterTests.swift */; };
		6B92B4E527992AE5005968DC /* TransactionInputExtractorTests.swift in Sources */ = {isa = PBXBuildFile; fileRef = 6B92B49527992AE5005968DC /* TransactionInputExtractorTests.swift */; };
		6B92B4E627992AE5005968DC /* SegWitAddress.swift in Sources */ = {isa = PBXBuildFile; fileRef = 6B92B49727992AE5005968DC /* SegWitAddress.swift */; };
		6B92B4E727992AE5005968DC /* InputSignerTests.swift in Sources */ = {isa = PBXBuildFile; fileRef = 6B92B49827992AE5005968DC /* InputSignerTests.swift */; };
		6B92B4E827992AE5005968DC /* TransactionSizeCalculatorTests.swift in Sources */ = {isa = PBXBuildFile; fileRef = 6B92B49927992AE5005968DC /* TransactionSizeCalculatorTests.swift */; };
		6B92B4E927992AE5005968DC /* DataProviderTests.swift in Sources */ = {isa = PBXBuildFile; fileRef = 6B92B49B27992AE5005968DC /* DataProviderTests.swift */; };
		6B92B4EA27992AE5005968DC /* DifficultyEncoderTests.swift in Sources */ = {isa = PBXBuildFile; fileRef = 6B92B49D27992AE5005968DC /* DifficultyEncoderTests.swift */; };
		6B92B4EB27992AE5005968DC /* Extensions.swift in Sources */ = {isa = PBXBuildFile; fileRef = 6B92B49E27992AE5005968DC /* Extensions.swift */; };
		6B92B4EC27992AE5005968DC /* HDPrivateKeyTests.swift in Sources */ = {isa = PBXBuildFile; fileRef = 6B92B4A027992AE5005968DC /* HDPrivateKeyTests.swift */; };
		6B92B4ED27992AE5005968DC /* KitStateProviderTests.swift in Sources */ = {isa = PBXBuildFile; fileRef = 6B92B4A227992AE5005968DC /* KitStateProviderTests.swift */; };
		6B92B4EE27992AE5005968DC /* BlockSyncerTests.swift in Sources */ = {isa = PBXBuildFile; fileRef = 6B92B4A327992AE5005968DC /* BlockSyncerTests.swift */; };
		6B92B4EF27992AE5005968DC /* ProofOfWorkValidatorTests.swift in Sources */ = {isa = PBXBuildFile; fileRef = 6B92B4A527992AE5005968DC /* ProofOfWorkValidatorTests.swift */; };
		6B92B4F027992AE5005968DC /* LegacyTestNetDifficultyValidatorTests.swift in Sources */ = {isa = PBXBuildFile; fileRef = 6B92B4A627992AE5005968DC /* LegacyTestNetDifficultyValidatorTests.swift */; };
		6B92B4F127992AE5005968DC /* LegacyDifficultyAdjustmentValidatorTests.swift in Sources */ = {isa = PBXBuildFile; fileRef = 6B92B4A727992AE5005968DC /* LegacyDifficultyAdjustmentValidatorTests.swift */; };
		6B92B4F227992AE5005968DC /* BitsValidatorTests.swift in Sources */ = {isa = PBXBuildFile; fileRef = 6B92B4A827992AE5005968DC /* BitsValidatorTests.swift */; };
		6B92B4F327992AE5005968DC /* BlockchainTests.swift in Sources */ = {isa = PBXBuildFile; fileRef = 6B92B4A927992AE5005968DC /* BlockchainTests.swift */; };
		6B92B4F427992AE5005968DC /* MerkleBlockValidatorTests.swift in Sources */ = {isa = PBXBuildFile; fileRef = 6B92B4AA27992AE5005968DC /* MerkleBlockValidatorTests.swift */; };
		6B92B4F527992AE5005968DC /* UnspentOutputSelectorSingleNoChangeTests.swift in Sources */ = {isa = PBXBuildFile; fileRef = 6B92B4AC27992AE5005968DC /* UnspentOutputSelectorSingleNoChangeTests.swift */; };
		6B92B4F627992AE5005968DC /* BloomFilterManagerTests.swift in Sources */ = {isa = PBXBuildFile; fileRef = 6B92B4AD27992AE5005968DC /* BloomFilterManagerTests.swift */; };
		6B92B4F727992AE5005968DC /* UnspentOutputProviderTests.swift in Sources */ = {isa = PBXBuildFile; fileRef = 6B92B4AE27992AE5005968DC /* UnspentOutputProviderTests.swift */; };
		6B92B4F827992AE5005968DC /* StateManagerTests.swift in Sources */ = {isa = PBXBuildFile; fileRef = 6B92B4AF27992AE5005968DC /* StateManagerTests.swift */; };
		6B92B4F927992AE5005968DC /* WatchedTransactionManagerTests.swift in Sources */ = {isa = PBXBuildFile; fileRef = 6B92B4B027992AE5005968DC /* WatchedTransactionManagerTests.swift */; };
		6B92B4FA27992AE5005968DC /* UnspentOutputSelectorTests.swift in Sources */ = {isa = PBXBuildFile; fileRef = 6B92B4B127992AE5005968DC /* UnspentOutputSelectorTests.swift */; };
		6B92B4FB27992AE5005968DC /* PublicKeyManagerTests.swift in Sources */ = {isa = PBXBuildFile; fileRef = 6B92B4B227992AE5005968DC /* PublicKeyManagerTests.swift */; };
		6B92B4FC27992AE5005968DC /* InitialSyncerTests.swift in Sources */ = {isa = PBXBuildFile; fileRef = 6B92B4B327992AE5005968DC /* InitialSyncerTests.swift */; };
		6B92B4FD27992AE5005968DC /* UnspentOutputSelectorOldTests.swift in Sources */ = {isa = PBXBuildFile; fileRef = 6B92B4B427992AE5005968DC /* UnspentOutputSelectorOldTests.swift */; };
		6B92B4FE27992AE5005968DC /* IrregularOutputFinderTests.swift in Sources */ = {isa = PBXBuildFile; fileRef = 6B92B4B527992AE5005968DC /* IrregularOutputFinderTests.swift */; };
		6B92B4FF27992AE5005968DC /* BlockHashFetcherTests.swift in Sources */ = {isa = PBXBuildFile; fileRef = 6B92B4B727992AE5005968DC /* BlockHashFetcherTests.swift */; };
		6B92B50027992AE5005968DC /* BlockDiscoveryBatchTest.swift in Sources */ = {isa = PBXBuildFile; fileRef = 6B92B4B827992AE5005968DC /* BlockDiscoveryBatchTest.swift */; };
		6B92B50127992AE5005968DC /* BlockHashFetcherHelperTests.swift in Sources */ = {isa = PBXBuildFile; fileRef = 6B92B4B927992AE5005968DC /* BlockHashFetcherHelperTests.swift */; };
		6B92B50227992AE5005968DC /* BitcoinTestNetTests.swift in Sources */ = {isa = PBXBuildFile; fileRef = 6B92B4BB27992AE5005968DC /* BitcoinTestNetTests.swift */; };
		6B92B50327992AE5005968DC /* TransactionSenderTests.swift in Sources */ = {isa = PBXBuildFile; fileRef = 6B92B4BC27992AE5005968DC /* TransactionSenderTests.swift */; };
		6B92B50427992AE5005968DC /* BitcoinMainNetTests.swift in Sources */ = {isa = PBXBuildFile; fileRef = 6B92B4BD27992AE5005968DC /* BitcoinMainNetTests.swift */; };
		6B92B50527992AE5005968DC /* ConnectionTimeoutManagerTests.swift in Sources */ = {isa = PBXBuildFile; fileRef = 6B92B4BF27992AE5005968DC /* ConnectionTimeoutManagerTests.swift */; };
		6B92B50627992AE5005968DC /* PeerManagerTests.swift in Sources */ = {isa = PBXBuildFile; fileRef = 6B92B4C027992AE5005968DC /* PeerManagerTests.swift */; };
		6B92B50727992AE5005968DC /* PeerAddressManagerTests.swift in Sources */ = {isa = PBXBuildFile; fileRef = 6B92B4C127992AE5005968DC /* PeerAddressManagerTests.swift */; };
		6B92B50827992AE5005968DC /* GetBlockHashesTaskTests.swift in Sources */ = {isa = PBXBuildFile; fileRef = 6B92B4C327992AE5005968DC /* GetBlockHashesTaskTests.swift */; };
		6B92B50927992AE5005968DC /* SendTransactionTaskTests.swift in Sources */ = {isa = PBXBuildFile; fileRef = 6B92B4C427992AE5005968DC /* SendTransactionTaskTests.swift */; };
		6B92B50A27992AE5005968DC /* RequestTransactionTaskTests.swift in Sources */ = {isa = PBXBuildFile; fileRef = 6B92B4C527992AE5005968DC /* RequestTransactionTaskTests.swift */; };
		6B92B50B27992AE5005968DC /* GetMerkleBlocksTaskTests.swift in Sources */ = {isa = PBXBuildFile; fileRef = 6B92B4C627992AE5005968DC /* GetMerkleBlocksTaskTests.swift */; };
		6B92B50C27992AE5005968DC /* PeerHostManagerDelegateTests.swift in Sources */ = {isa = PBXBuildFile; fileRef = 6B92B4C827992AE5005968DC /* PeerHostManagerDelegateTests.swift */; };
		6B92B50D27992AE5005968DC /* BloomFilterManagerDelegateTests.swift in Sources */ = {isa = PBXBuildFile; fileRef = 6B92B4C927992AE5005968DC /* BloomFilterManagerDelegateTests.swift */; };
		6B92B50E27992AE5005968DC /* IPeerGroupTests.swift in Sources */ = {isa = PBXBuildFile; fileRef = 6B92B4CA27992AE5005968DC /* IPeerGroupTests.swift */; };
		6B92B50F27992AE5005968DC /* PeerDelegateTests.swift in Sources */ = {isa = PBXBuildFile; fileRef = 6B92B4CB27992AE5005968DC /* PeerDelegateTests.swift */; };
		6B92B51027992AE5005968DC /* PeerGroupTests.swift in Sources */ = {isa = PBXBuildFile; fileRef = 6B92B4CC27992AE5005968DC /* PeerGroupTests.swift */; };
		6B92B51127992AE5005968DC /* IPeerTests.swift in Sources */ = {isa = PBXBuildFile; fileRef = 6B92B4CE27992AE5005968DC /* IPeerTests.swift */; };
		6B92B51227992AE5005968DC /* IPeerTaskDelegateTests.swift in Sources */ = {isa = PBXBuildFile; fileRef = 6B92B4CF27992AE5005968DC /* IPeerTaskDelegateTests.swift */; };
		6B92B51327992AE5005968DC /* PeerConnectionDelegateTests.swift in Sources */ = {isa = PBXBuildFile; fileRef = 6B92B4D027992AE5005968DC /* PeerConnectionDelegateTests.swift */; };
		6B92B51427992AE5005968DC /* IPeerTaskRequesterTests.swift in Sources */ = {isa = PBXBuildFile; fileRef = 6B92B4D127992AE5005968DC /* IPeerTaskRequesterTests.swift */; };
		6B92B51527992AE5005968DC /* BitcoinRegTestNetTests.swift in Sources */ = {isa = PBXBuildFile; fileRef = 6B92B4D227992AE5005968DC /* BitcoinRegTestNetTests.swift */; };
		6B92B51627992AE5005968DC /* BitcoinCashMainNetTests.swift in Sources */ = {isa = PBXBuildFile; fileRef = 6B92B4D327992AE5005968DC /* BitcoinCashMainNetTests.swift */; };
		D94502FD261F98A500F6BF2E /* Assets.xcassets in Resources */ = {isa = PBXBuildFile; fileRef = D94502FC261F98A500F6BF2E /* Assets.xcassets */; };
		D945030C261F99CC00F6BF2E /* BitcoinCoreKit in Frameworks */ = {isa = PBXBuildFile; productRef = D945030B261F99CC00F6BF2E /* BitcoinCoreKit */; };
/* End PBXBuildFile section */

/* Begin PBXContainerItemProxy section */
		6B92B47A27992A9D005968DC /* PBXContainerItemProxy */ = {
			isa = PBXContainerItemProxy;
			containerPortal = D94502ED261F98A400F6BF2E /* Project object */;
			proxyType = 1;
			remoteGlobalIDString = D94502F4261F98A400F6BF2E;
			remoteInfo = "iOS Example";
		};
/* End PBXContainerItemProxy section */

/* Begin PBXFileReference section */
		3A39D09A2757536E0022CB8B /* ViewController.swift */ = {isa = PBXFileReference; fileEncoding = 4; lastKnownFileType = sourcecode.swift; path = ViewController.swift; sourceTree = "<group>"; };
		3A39D09B2757536E0022CB8B /* AppDelegate.swift */ = {isa = PBXFileReference; fileEncoding = 4; lastKnownFileType = sourcecode.swift; path = AppDelegate.swift; sourceTree = "<group>"; };
		5CEF90D9E1FCB10C344B3CA7 /* Pods-iOS ExampleTests.debug.xcconfig */ = {isa = PBXFileReference; includeInIndex = 1; lastKnownFileType = text.xcconfig; name = "Pods-iOS ExampleTests.debug.xcconfig"; path = "Target Support Files/Pods-iOS ExampleTests/Pods-iOS ExampleTests.debug.xcconfig"; sourceTree = "<group>"; };
		6B489FF2279A796F007DB020 /* GeneratedMocks.swift */ = {isa = PBXFileReference; fileEncoding = 4; lastKnownFileType = sourcecode.swift; path = GeneratedMocks.swift; sourceTree = "<group>"; };
		6B92B47627992A9D005968DC /* iOS ExampleTests.xctest */ = {isa = PBXFileReference; explicitFileType = wrapper.cfbundle; includeInIndex = 0; path = "iOS ExampleTests.xctest"; sourceTree = BUILT_PRODUCTS_DIR; };
		6B92B47F27992AE5005968DC /* iOS ExampleTests-Bridging-Header.h */ = {isa = PBXFileReference; lastKnownFileType = sourcecode.c.h; path = "iOS ExampleTests-Bridging-Header.h"; sourceTree = "<group>"; };
		6B92B48127992AE5005968DC /* BlockValidatorHelperTests.swift */ = {isa = PBXFileReference; fileEncoding = 4; lastKnownFileType = sourcecode.swift; path = BlockValidatorHelperTests.swift; sourceTree = "<group>"; };
		6B92B48227992AE5005968DC /* AddressConverterTests.swift */ = {isa = PBXFileReference; fileEncoding = 4; lastKnownFileType = sourcecode.swift; path = AddressConverterTests.swift; sourceTree = "<group>"; };
		6B92B48327992AE5005968DC /* PaymentAddressParserTests.swift */ = {isa = PBXFileReference; fileEncoding = 4; lastKnownFileType = sourcecode.swift; path = PaymentAddressParserTests.swift; sourceTree = "<group>"; };
		6B92B48427992AE5005968DC /* MerkleBranchTests.swift */ = {isa = PBXFileReference; fileEncoding = 4; lastKnownFileType = sourcecode.swift; path = MerkleBranchTests.swift; sourceTree = "<group>"; };
		6B92B48527992AE5005968DC /* Bip69Tests.swift */ = {isa = PBXFileReference; fileEncoding = 4; lastKnownFileType = sourcecode.swift; path = Bip69Tests.swift; sourceTree = "<group>"; };
		6B92B48627992AE5005968DC /* TestData.swift */ = {isa = PBXFileReference; fileEncoding = 4; lastKnownFileType = sourcecode.swift; path = TestData.swift; sourceTree = "<group>"; };
		6B92B48827992AE5005968DC /* SegWitBech32AddressConverterTests.swift */ = {isa = PBXFileReference; fileEncoding = 4; lastKnownFileType = sourcecode.swift; path = SegWitBech32AddressConverterTests.swift; sourceTree = "<group>"; };
		6B92B48A27992AE5005968DC /* TransactionOutputExtractorTests.swift */ = {isa = PBXFileReference; fileEncoding = 4; lastKnownFileType = sourcecode.swift; path = TransactionOutputExtractorTests.swift; sourceTree = "<group>"; };
		6B92B48B27992AE5005968DC /* TransactionCreatorTests.swift */ = {isa = PBXFileReference; fileEncoding = 4; lastKnownFileType = sourcecode.swift; path = TransactionCreatorTests.swift; sourceTree = "<group>"; };
		6B92B48C27992AE5005968DC /* TransactionPublicKeySetterTests.swift */ = {isa = PBXFileReference; fileEncoding = 4; lastKnownFileType = sourcecode.swift; path = TransactionPublicKeySetterTests.swift; sourceTree = "<group>"; };
		6B92B48D27992AE5005968DC /* TransactionProcessorTests.swift */ = {isa = PBXFileReference; fileEncoding = 4; lastKnownFileType = sourcecode.swift; path = TransactionProcessorTests.swift; sourceTree = "<group>"; };
		6B92B48E27992AE5005968DC /* OutputSetterTests.swift */ = {isa = PBXFileReference; fileEncoding = 4; lastKnownFileType = sourcecode.swift; path = OutputSetterTests.swift; sourceTree = "<group>"; };
		6B92B48F27992AE5005968DC /* TransactionOutputAddressExtractorTests.swift */ = {isa = PBXFileReference; fileEncoding = 4; lastKnownFileType = sourcecode.swift; path = TransactionOutputAddressExtractorTests.swift; sourceTree = "<group>"; };
		6B92B49027992AE5005968DC /* TransactionSyncerTests.swift */ = {isa = PBXFileReference; fileEncoding = 4; lastKnownFileType = sourcecode.swift; path = TransactionSyncerTests.swift; sourceTree = "<group>"; };
		6B92B49227992AE5005968DC /* ScriptTests.swift */ = {isa = PBXFileReference; fileEncoding = 4; lastKnownFileType = sourcecode.swift; path = ScriptTests.swift; sourceTree = "<group>"; };
		6B92B49327992AE5005968DC /* ChunkTests.swift */ = {isa = PBXFileReference; fileEncoding = 4; lastKnownFileType = sourcecode.swift; path = ChunkTests.swift; sourceTree = "<group>"; };
		6B92B49427992AE5005968DC /* ScriptConverterTests.swift */ = {isa = PBXFileReference; fileEncoding = 4; lastKnownFileType = sourcecode.swift; path = ScriptConverterTests.swift; sourceTree = "<group>"; };
		6B92B49527992AE5005968DC /* TransactionInputExtractorTests.swift */ = {isa = PBXFileReference; fileEncoding = 4; lastKnownFileType = sourcecode.swift; path = TransactionInputExtractorTests.swift; sourceTree = "<group>"; };
		6B92B49727992AE5005968DC /* SegWitAddress.swift */ = {isa = PBXFileReference; fileEncoding = 4; lastKnownFileType = sourcecode.swift; path = SegWitAddress.swift; sourceTree = "<group>"; };
		6B92B49827992AE5005968DC /* InputSignerTests.swift */ = {isa = PBXFileReference; fileEncoding = 4; lastKnownFileType = sourcecode.swift; path = InputSignerTests.swift; sourceTree = "<group>"; };
		6B92B49927992AE5005968DC /* TransactionSizeCalculatorTests.swift */ = {isa = PBXFileReference; fileEncoding = 4; lastKnownFileType = sourcecode.swift; path = TransactionSizeCalculatorTests.swift; sourceTree = "<group>"; };
		6B92B49B27992AE5005968DC /* DataProviderTests.swift */ = {isa = PBXFileReference; fileEncoding = 4; lastKnownFileType = sourcecode.swift; path = DataProviderTests.swift; sourceTree = "<group>"; };
		6B92B49D27992AE5005968DC /* DifficultyEncoderTests.swift */ = {isa = PBXFileReference; fileEncoding = 4; lastKnownFileType = sourcecode.swift; path = DifficultyEncoderTests.swift; sourceTree = "<group>"; };
		6B92B49E27992AE5005968DC /* Extensions.swift */ = {isa = PBXFileReference; fileEncoding = 4; lastKnownFileType = sourcecode.swift; path = Extensions.swift; sourceTree = "<group>"; };
		6B92B4A027992AE5005968DC /* HDPrivateKeyTests.swift */ = {isa = PBXFileReference; fileEncoding = 4; lastKnownFileType = sourcecode.swift; path = HDPrivateKeyTests.swift; sourceTree = "<group>"; };
		6B92B4A227992AE5005968DC /* KitStateProviderTests.swift */ = {isa = PBXFileReference; fileEncoding = 4; lastKnownFileType = sourcecode.swift; path = KitStateProviderTests.swift; sourceTree = "<group>"; };
		6B92B4A327992AE5005968DC /* BlockSyncerTests.swift */ = {isa = PBXFileReference; fileEncoding = 4; lastKnownFileType = sourcecode.swift; path = BlockSyncerTests.swift; sourceTree = "<group>"; };
		6B92B4A527992AE5005968DC /* ProofOfWorkValidatorTests.swift */ = {isa = PBXFileReference; fileEncoding = 4; lastKnownFileType = sourcecode.swift; path = ProofOfWorkValidatorTests.swift; sourceTree = "<group>"; };
		6B92B4A627992AE5005968DC /* LegacyTestNetDifficultyValidatorTests.swift */ = {isa = PBXFileReference; fileEncoding = 4; lastKnownFileType = sourcecode.swift; path = LegacyTestNetDifficultyValidatorTests.swift; sourceTree = "<group>"; };
		6B92B4A727992AE5005968DC /* LegacyDifficultyAdjustmentValidatorTests.swift */ = {isa = PBXFileReference; fileEncoding = 4; lastKnownFileType = sourcecode.swift; path = LegacyDifficultyAdjustmentValidatorTests.swift; sourceTree = "<group>"; };
		6B92B4A827992AE5005968DC /* BitsValidatorTests.swift */ = {isa = PBXFileReference; fileEncoding = 4; lastKnownFileType = sourcecode.swift; path = BitsValidatorTests.swift; sourceTree = "<group>"; };
		6B92B4A927992AE5005968DC /* BlockchainTests.swift */ = {isa = PBXFileReference; fileEncoding = 4; lastKnownFileType = sourcecode.swift; path = BlockchainTests.swift; sourceTree = "<group>"; };
		6B92B4AA27992AE5005968DC /* MerkleBlockValidatorTests.swift */ = {isa = PBXFileReference; fileEncoding = 4; lastKnownFileType = sourcecode.swift; path = MerkleBlockValidatorTests.swift; sourceTree = "<group>"; };
		6B92B4AC27992AE5005968DC /* UnspentOutputSelectorSingleNoChangeTests.swift */ = {isa = PBXFileReference; fileEncoding = 4; lastKnownFileType = sourcecode.swift; path = UnspentOutputSelectorSingleNoChangeTests.swift; sourceTree = "<group>"; };
		6B92B4AD27992AE5005968DC /* BloomFilterManagerTests.swift */ = {isa = PBXFileReference; fileEncoding = 4; lastKnownFileType = sourcecode.swift; path = BloomFilterManagerTests.swift; sourceTree = "<group>"; };
		6B92B4AE27992AE5005968DC /* UnspentOutputProviderTests.swift */ = {isa = PBXFileReference; fileEncoding = 4; lastKnownFileType = sourcecode.swift; path = UnspentOutputProviderTests.swift; sourceTree = "<group>"; };
		6B92B4AF27992AE5005968DC /* StateManagerTests.swift */ = {isa = PBXFileReference; fileEncoding = 4; lastKnownFileType = sourcecode.swift; path = StateManagerTests.swift; sourceTree = "<group>"; };
		6B92B4B027992AE5005968DC /* WatchedTransactionManagerTests.swift */ = {isa = PBXFileReference; fileEncoding = 4; lastKnownFileType = sourcecode.swift; path = WatchedTransactionManagerTests.swift; sourceTree = "<group>"; };
		6B92B4B127992AE5005968DC /* UnspentOutputSelectorTests.swift */ = {isa = PBXFileReference; fileEncoding = 4; lastKnownFileType = sourcecode.swift; path = UnspentOutputSelectorTests.swift; sourceTree = "<group>"; };
		6B92B4B227992AE5005968DC /* PublicKeyManagerTests.swift */ = {isa = PBXFileReference; fileEncoding = 4; lastKnownFileType = sourcecode.swift; path = PublicKeyManagerTests.swift; sourceTree = "<group>"; };
		6B92B4B327992AE5005968DC /* InitialSyncerTests.swift */ = {isa = PBXFileReference; fileEncoding = 4; lastKnownFileType = sourcecode.swift; path = InitialSyncerTests.swift; sourceTree = "<group>"; };
		6B92B4B427992AE5005968DC /* UnspentOutputSelectorOldTests.swift */ = {isa = PBXFileReference; fileEncoding = 4; lastKnownFileType = sourcecode.swift; path = UnspentOutputSelectorOldTests.swift; sourceTree = "<group>"; };
		6B92B4B527992AE5005968DC /* IrregularOutputFinderTests.swift */ = {isa = PBXFileReference; fileEncoding = 4; lastKnownFileType = sourcecode.swift; path = IrregularOutputFinderTests.swift; sourceTree = "<group>"; };
		6B92B4B727992AE5005968DC /* BlockHashFetcherTests.swift */ = {isa = PBXFileReference; fileEncoding = 4; lastKnownFileType = sourcecode.swift; path = BlockHashFetcherTests.swift; sourceTree = "<group>"; };
		6B92B4B827992AE5005968DC /* BlockDiscoveryBatchTest.swift */ = {isa = PBXFileReference; fileEncoding = 4; lastKnownFileType = sourcecode.swift; path = BlockDiscoveryBatchTest.swift; sourceTree = "<group>"; };
		6B92B4B927992AE5005968DC /* BlockHashFetcherHelperTests.swift */ = {isa = PBXFileReference; fileEncoding = 4; lastKnownFileType = sourcecode.swift; path = BlockHashFetcherHelperTests.swift; sourceTree = "<group>"; };
		6B92B4BB27992AE5005968DC /* BitcoinTestNetTests.swift */ = {isa = PBXFileReference; fileEncoding = 4; lastKnownFileType = sourcecode.swift; path = BitcoinTestNetTests.swift; sourceTree = "<group>"; };
		6B92B4BC27992AE5005968DC /* TransactionSenderTests.swift */ = {isa = PBXFileReference; fileEncoding = 4; lastKnownFileType = sourcecode.swift; path = TransactionSenderTests.swift; sourceTree = "<group>"; };
		6B92B4BD27992AE5005968DC /* BitcoinMainNetTests.swift */ = {isa = PBXFileReference; fileEncoding = 4; lastKnownFileType = sourcecode.swift; path = BitcoinMainNetTests.swift; sourceTree = "<group>"; };
		6B92B4BF27992AE5005968DC /* ConnectionTimeoutManagerTests.swift */ = {isa = PBXFileReference; fileEncoding = 4; lastKnownFileType = sourcecode.swift; path = ConnectionTimeoutManagerTests.swift; sourceTree = "<group>"; };
		6B92B4C027992AE5005968DC /* PeerManagerTests.swift */ = {isa = PBXFileReference; fileEncoding = 4; lastKnownFileType = sourcecode.swift; path = PeerManagerTests.swift; sourceTree = "<group>"; };
		6B92B4C127992AE5005968DC /* PeerAddressManagerTests.swift */ = {isa = PBXFileReference; fileEncoding = 4; lastKnownFileType = sourcecode.swift; path = PeerAddressManagerTests.swift; sourceTree = "<group>"; };
		6B92B4C327992AE5005968DC /* GetBlockHashesTaskTests.swift */ = {isa = PBXFileReference; fileEncoding = 4; lastKnownFileType = sourcecode.swift; path = GetBlockHashesTaskTests.swift; sourceTree = "<group>"; };
		6B92B4C427992AE5005968DC /* SendTransactionTaskTests.swift */ = {isa = PBXFileReference; fileEncoding = 4; lastKnownFileType = sourcecode.swift; path = SendTransactionTaskTests.swift; sourceTree = "<group>"; };
		6B92B4C527992AE5005968DC /* RequestTransactionTaskTests.swift */ = {isa = PBXFileReference; fileEncoding = 4; lastKnownFileType = sourcecode.swift; path = RequestTransactionTaskTests.swift; sourceTree = "<group>"; };
		6B92B4C627992AE5005968DC /* GetMerkleBlocksTaskTests.swift */ = {isa = PBXFileReference; fileEncoding = 4; lastKnownFileType = sourcecode.swift; path = GetMerkleBlocksTaskTests.swift; sourceTree = "<group>"; };
		6B92B4C827992AE5005968DC /* PeerHostManagerDelegateTests.swift */ = {isa = PBXFileReference; fileEncoding = 4; lastKnownFileType = sourcecode.swift; path = PeerHostManagerDelegateTests.swift; sourceTree = "<group>"; };
		6B92B4C927992AE5005968DC /* BloomFilterManagerDelegateTests.swift */ = {isa = PBXFileReference; fileEncoding = 4; lastKnownFileType = sourcecode.swift; path = BloomFilterManagerDelegateTests.swift; sourceTree = "<group>"; };
		6B92B4CA27992AE5005968DC /* IPeerGroupTests.swift */ = {isa = PBXFileReference; fileEncoding = 4; lastKnownFileType = sourcecode.swift; path = IPeerGroupTests.swift; sourceTree = "<group>"; };
		6B92B4CB27992AE5005968DC /* PeerDelegateTests.swift */ = {isa = PBXFileReference; fileEncoding = 4; lastKnownFileType = sourcecode.swift; path = PeerDelegateTests.swift; sourceTree = "<group>"; };
		6B92B4CC27992AE5005968DC /* PeerGroupTests.swift */ = {isa = PBXFileReference; fileEncoding = 4; lastKnownFileType = sourcecode.swift; path = PeerGroupTests.swift; sourceTree = "<group>"; };
		6B92B4CE27992AE5005968DC /* IPeerTests.swift */ = {isa = PBXFileReference; fileEncoding = 4; lastKnownFileType = sourcecode.swift; path = IPeerTests.swift; sourceTree = "<group>"; };
		6B92B4CF27992AE5005968DC /* IPeerTaskDelegateTests.swift */ = {isa = PBXFileReference; fileEncoding = 4; lastKnownFileType = sourcecode.swift; path = IPeerTaskDelegateTests.swift; sourceTree = "<group>"; };
		6B92B4D027992AE5005968DC /* PeerConnectionDelegateTests.swift */ = {isa = PBXFileReference; fileEncoding = 4; lastKnownFileType = sourcecode.swift; path = PeerConnectionDelegateTests.swift; sourceTree = "<group>"; };
		6B92B4D127992AE5005968DC /* IPeerTaskRequesterTests.swift */ = {isa = PBXFileReference; fileEncoding = 4; lastKnownFileType = sourcecode.swift; path = IPeerTaskRequesterTests.swift; sourceTree = "<group>"; };
		6B92B4D227992AE5005968DC /* BitcoinRegTestNetTests.swift */ = {isa = PBXFileReference; fileEncoding = 4; lastKnownFileType = sourcecode.swift; path = BitcoinRegTestNetTests.swift; sourceTree = "<group>"; };
		6B92B4D327992AE5005968DC /* BitcoinCashMainNetTests.swift */ = {isa = PBXFileReference; fileEncoding = 4; lastKnownFileType = sourcecode.swift; path = BitcoinCashMainNetTests.swift; sourceTree = "<group>"; };
		BE58A7CCE716F59F2A292DDC /* Pods-iOS ExampleTests.release.xcconfig */ = {isa = PBXFileReference; includeInIndex = 1; lastKnownFileType = text.xcconfig; name = "Pods-iOS ExampleTests.release.xcconfig"; path = "Target Support Files/Pods-iOS ExampleTests/Pods-iOS ExampleTests.release.xcconfig"; sourceTree = "<group>"; };
		D94502F5261F98A400F6BF2E /* iOS Example.app */ = {isa = PBXFileReference; explicitFileType = wrapper.application; includeInIndex = 0; path = "iOS Example.app"; sourceTree = BUILT_PRODUCTS_DIR; };
		D94502FC261F98A500F6BF2E /* Assets.xcassets */ = {isa = PBXFileReference; lastKnownFileType = folder.assetcatalog; path = Assets.xcassets; sourceTree = "<group>"; };
		D9450301261F98A500F6BF2E /* Info.plist */ = {isa = PBXFileReference; lastKnownFileType = text.plist.xml; path = Info.plist; sourceTree = "<group>"; };
		DD9187C74AE0295A50CC1631 /* libPods-iOS ExampleTests.a */ = {isa = PBXFileReference; explicitFileType = archive.ar; includeInIndex = 0; path = "libPods-iOS ExampleTests.a"; sourceTree = BUILT_PRODUCTS_DIR; };
/* End PBXFileReference section */

/* Begin PBXFrameworksBuildPhase section */
		6B92B47327992A9D005968DC /* Frameworks */ = {
			isa = PBXFrameworksBuildPhase;
			buildActionMask = 2147483647;
			files = (
				1276A0D304FEEBD79AED5841 /* libPods-iOS ExampleTests.a in Frameworks */,
			);
			runOnlyForDeploymentPostprocessing = 0;
		};
		D94502F2261F98A400F6BF2E /* Frameworks */ = {
			isa = PBXFrameworksBuildPhase;
			buildActionMask = 2147483647;
			files = (
				D945030C261F99CC00F6BF2E /* BitcoinCoreKit in Frameworks */,
			);
			runOnlyForDeploymentPostprocessing = 0;
		};
/* End PBXFrameworksBuildPhase section */

/* Begin PBXGroup section */
		517529499FD9DFC730558D64 /* Pods */ = {
			isa = PBXGroup;
			children = (
				5CEF90D9E1FCB10C344B3CA7 /* Pods-iOS ExampleTests.debug.xcconfig */,
				BE58A7CCE716F59F2A292DDC /* Pods-iOS ExampleTests.release.xcconfig */,
			);
			path = Pods;
			sourceTree = "<group>";
		};
		6B92B47727992A9D005968DC /* iOS ExampleTests */ = {
			isa = PBXGroup;
			children = (
				6B92B49C27992AE5005968DC /* BlockHeaders */,
				6B92B4A127992AE5005968DC /* Blocks */,
				6B92B49A27992AE5005968DC /* Core */,
				6B92B49F27992AE5005968DC /* HDWallet */,
				6B92B48027992AE5005968DC /* Helpers */,
				6B92B4AB27992AE5005968DC /* Managers */,
				6B92B4BA27992AE5005968DC /* Network */,
				6B92B48727992AE5005968DC /* SegWit */,
				6B92B48927992AE5005968DC /* Transactions */,
				6B92B49E27992AE5005968DC /* Extensions.swift */,
				6B489FF2279A796F007DB020 /* GeneratedMocks.swift */,
				6B92B48627992AE5005968DC /* TestData.swift */,
				6B92B47F27992AE5005968DC /* iOS ExampleTests-Bridging-Header.h */,
			);
			path = "iOS ExampleTests";
			sourceTree = "<group>";
		};
		6B92B48027992AE5005968DC /* Helpers */ = {
			isa = PBXGroup;
			children = (
				6B92B48127992AE5005968DC /* BlockValidatorHelperTests.swift */,
				6B92B48227992AE5005968DC /* AddressConverterTests.swift */,
				6B92B48327992AE5005968DC /* PaymentAddressParserTests.swift */,
				6B92B48427992AE5005968DC /* MerkleBranchTests.swift */,
				6B92B48527992AE5005968DC /* Bip69Tests.swift */,
			);
			path = Helpers;
			sourceTree = "<group>";
		};
		6B92B48727992AE5005968DC /* SegWit */ = {
			isa = PBXGroup;
			children = (
				6B92B48827992AE5005968DC /* SegWitBech32AddressConverterTests.swift */,
			);
			path = SegWit;
			sourceTree = "<group>";
		};
		6B92B48927992AE5005968DC /* Transactions */ = {
			isa = PBXGroup;
			children = (
				6B92B48A27992AE5005968DC /* TransactionOutputExtractorTests.swift */,
				6B92B48B27992AE5005968DC /* TransactionCreatorTests.swift */,
				6B92B48C27992AE5005968DC /* TransactionPublicKeySetterTests.swift */,
				6B92B48D27992AE5005968DC /* TransactionProcessorTests.swift */,
				6B92B48E27992AE5005968DC /* OutputSetterTests.swift */,
				6B92B48F27992AE5005968DC /* TransactionOutputAddressExtractorTests.swift */,
				6B92B49027992AE5005968DC /* TransactionSyncerTests.swift */,
				6B92B49127992AE5005968DC /* Scripts */,
				6B92B49527992AE5005968DC /* TransactionInputExtractorTests.swift */,
				6B92B49627992AE5005968DC /* Builder */,
				6B92B49927992AE5005968DC /* TransactionSizeCalculatorTests.swift */,
			);
			path = Transactions;
			sourceTree = "<group>";
		};
		6B92B49127992AE5005968DC /* Scripts */ = {
			isa = PBXGroup;
			children = (
				6B92B49227992AE5005968DC /* ScriptTests.swift */,
				6B92B49327992AE5005968DC /* ChunkTests.swift */,
				6B92B49427992AE5005968DC /* ScriptConverterTests.swift */,
			);
			path = Scripts;
			sourceTree = "<group>";
		};
		6B92B49627992AE5005968DC /* Builder */ = {
			isa = PBXGroup;
			children = (
				6B92B49727992AE5005968DC /* SegWitAddress.swift */,
				6B92B49827992AE5005968DC /* InputSignerTests.swift */,
			);
			path = Builder;
			sourceTree = "<group>";
		};
		6B92B49A27992AE5005968DC /* Core */ = {
			isa = PBXGroup;
			children = (
				6B92B49B27992AE5005968DC /* DataProviderTests.swift */,
			);
			path = Core;
			sourceTree = "<group>";
		};
		6B92B49C27992AE5005968DC /* BlockHeaders */ = {
			isa = PBXGroup;
			children = (
				6B92B49D27992AE5005968DC /* DifficultyEncoderTests.swift */,
			);
			path = BlockHeaders;
			sourceTree = "<group>";
		};
		6B92B49F27992AE5005968DC /* HDWallet */ = {
			isa = PBXGroup;
			children = (
				6B92B4A027992AE5005968DC /* HDPrivateKeyTests.swift */,
			);
			path = HDWallet;
			sourceTree = "<group>";
		};
		6B92B4A127992AE5005968DC /* Blocks */ = {
			isa = PBXGroup;
			children = (
				6B92B4A227992AE5005968DC /* KitStateProviderTests.swift */,
				6B92B4A327992AE5005968DC /* BlockSyncerTests.swift */,
				6B92B4A427992AE5005968DC /* Validators */,
				6B92B4A927992AE5005968DC /* BlockchainTests.swift */,
				6B92B4AA27992AE5005968DC /* MerkleBlockValidatorTests.swift */,
			);
			path = Blocks;
			sourceTree = "<group>";
		};
		6B92B4A427992AE5005968DC /* Validators */ = {
			isa = PBXGroup;
			children = (
				6B92B4A527992AE5005968DC /* ProofOfWorkValidatorTests.swift */,
				6B92B4A627992AE5005968DC /* LegacyTestNetDifficultyValidatorTests.swift */,
				6B92B4A727992AE5005968DC /* LegacyDifficultyAdjustmentValidatorTests.swift */,
				6B92B4A827992AE5005968DC /* BitsValidatorTests.swift */,
			);
			path = Validators;
			sourceTree = "<group>";
		};
		6B92B4AB27992AE5005968DC /* Managers */ = {
			isa = PBXGroup;
			children = (
				6B92B4AC27992AE5005968DC /* UnspentOutputSelectorSingleNoChangeTests.swift */,
				6B92B4AD27992AE5005968DC /* BloomFilterManagerTests.swift */,
				6B92B4AE27992AE5005968DC /* UnspentOutputProviderTests.swift */,
				6B92B4AF27992AE5005968DC /* StateManagerTests.swift */,
				6B92B4B027992AE5005968DC /* WatchedTransactionManagerTests.swift */,
				6B92B4B127992AE5005968DC /* UnspentOutputSelectorTests.swift */,
				6B92B4B227992AE5005968DC /* PublicKeyManagerTests.swift */,
				6B92B4B327992AE5005968DC /* InitialSyncerTests.swift */,
				6B92B4B427992AE5005968DC /* UnspentOutputSelectorOldTests.swift */,
				6B92B4B527992AE5005968DC /* IrregularOutputFinderTests.swift */,
				6B92B4B627992AE5005968DC /* InitialSync */,
			);
			path = Managers;
			sourceTree = "<group>";
		};
		6B92B4B627992AE5005968DC /* InitialSync */ = {
			isa = PBXGroup;
			children = (
				6B92B4B727992AE5005968DC /* BlockHashFetcherTests.swift */,
				6B92B4B827992AE5005968DC /* BlockDiscoveryBatchTest.swift */,
				6B92B4B927992AE5005968DC /* BlockHashFetcherHelperTests.swift */,
			);
			path = InitialSync;
			sourceTree = "<group>";
		};
		6B92B4BA27992AE5005968DC /* Network */ = {
			isa = PBXGroup;
			children = (
				6B92B4BB27992AE5005968DC /* BitcoinTestNetTests.swift */,
				6B92B4BC27992AE5005968DC /* TransactionSenderTests.swift */,
				6B92B4BD27992AE5005968DC /* BitcoinMainNetTests.swift */,
				6B92B4BE27992AE5005968DC /* Peer */,
				6B92B4D227992AE5005968DC /* BitcoinRegTestNetTests.swift */,
				6B92B4D327992AE5005968DC /* BitcoinCashMainNetTests.swift */,
			);
			path = Network;
			sourceTree = "<group>";
		};
		6B92B4BE27992AE5005968DC /* Peer */ = {
			isa = PBXGroup;
			children = (
				6B92B4BF27992AE5005968DC /* ConnectionTimeoutManagerTests.swift */,
				6B92B4C027992AE5005968DC /* PeerManagerTests.swift */,
				6B92B4C127992AE5005968DC /* PeerAddressManagerTests.swift */,
				6B92B4C227992AE5005968DC /* PeerTask */,
				6B92B4C727992AE5005968DC /* PeerGroupTests */,
				6B92B4CD27992AE5005968DC /* PeerTests */,
			);
			path = Peer;
			sourceTree = "<group>";
		};
		6B92B4C227992AE5005968DC /* PeerTask */ = {
			isa = PBXGroup;
			children = (
				6B92B4C327992AE5005968DC /* GetBlockHashesTaskTests.swift */,
				6B92B4C427992AE5005968DC /* SendTransactionTaskTests.swift */,
				6B92B4C527992AE5005968DC /* RequestTransactionTaskTests.swift */,
				6B92B4C627992AE5005968DC /* GetMerkleBlocksTaskTests.swift */,
			);
			path = PeerTask;
			sourceTree = "<group>";
		};
		6B92B4C727992AE5005968DC /* PeerGroupTests */ = {
			isa = PBXGroup;
			children = (
				6B92B4C827992AE5005968DC /* PeerHostManagerDelegateTests.swift */,
				6B92B4C927992AE5005968DC /* BloomFilterManagerDelegateTests.swift */,
				6B92B4CA27992AE5005968DC /* IPeerGroupTests.swift */,
				6B92B4CB27992AE5005968DC /* PeerDelegateTests.swift */,
				6B92B4CC27992AE5005968DC /* PeerGroupTests.swift */,
			);
			path = PeerGroupTests;
			sourceTree = "<group>";
		};
		6B92B4CD27992AE5005968DC /* PeerTests */ = {
			isa = PBXGroup;
			children = (
				6B92B4CE27992AE5005968DC /* IPeerTests.swift */,
				6B92B4CF27992AE5005968DC /* IPeerTaskDelegateTests.swift */,
				6B92B4D027992AE5005968DC /* PeerConnectionDelegateTests.swift */,
				6B92B4D127992AE5005968DC /* IPeerTaskRequesterTests.swift */,
			);
			path = PeerTests;
			sourceTree = "<group>";
		};
		D94502EC261F98A400F6BF2E = {
			isa = PBXGroup;
			children = (
				D94502F7261F98A400F6BF2E /* Sources */,
				6B92B47727992A9D005968DC /* iOS ExampleTests */,
				D94502F6261F98A400F6BF2E /* Products */,
				D945030A261F99CC00F6BF2E /* Frameworks */,
				517529499FD9DFC730558D64 /* Pods */,
			);
			sourceTree = "<group>";
		};
		D94502F6261F98A400F6BF2E /* Products */ = {
			isa = PBXGroup;
			children = (
				D94502F5261F98A400F6BF2E /* iOS Example.app */,
				6B92B47627992A9D005968DC /* iOS ExampleTests.xctest */,
			);
			name = Products;
			sourceTree = "<group>";
		};
		D94502F7261F98A400F6BF2E /* Sources */ = {
			isa = PBXGroup;
			children = (
				3A39D09B2757536E0022CB8B /* AppDelegate.swift */,
				3A39D09A2757536E0022CB8B /* ViewController.swift */,
				D94502FC261F98A500F6BF2E /* Assets.xcassets */,
				D9450301261F98A500F6BF2E /* Info.plist */,
			);
			path = Sources;
			sourceTree = "<group>";
		};
		D945030A261F99CC00F6BF2E /* Frameworks */ = {
			isa = PBXGroup;
			children = (
				DD9187C74AE0295A50CC1631 /* libPods-iOS ExampleTests.a */,
			);
			name = Frameworks;
			sourceTree = "<group>";
		};
/* End PBXGroup section */

/* Begin PBXNativeTarget section */
		6B92B47527992A9D005968DC /* iOS ExampleTests */ = {
			isa = PBXNativeTarget;
			buildConfigurationList = 6B92B47E27992A9D005968DC /* Build configuration list for PBXNativeTarget "iOS ExampleTests" */;
			buildPhases = (
				CF865F6926A10471B658CD0B /* [CP] Check Pods Manifest.lock */,
				6BD28C2627998DF400C83667 /* Cuckoo */,
				6B92B47227992A9D005968DC /* Sources */,
				6B92B47327992A9D005968DC /* Frameworks */,
				6B92B47427992A9D005968DC /* Resources */,
			);
			buildRules = (
			);
			dependencies = (
				6B92B47B27992A9D005968DC /* PBXTargetDependency */,
			);
			name = "iOS ExampleTests";
			productName = "iOS ExampleTests";
			productReference = 6B92B47627992A9D005968DC /* iOS ExampleTests.xctest */;
			productType = "com.apple.product-type.bundle.unit-test";
		};
		D94502F4261F98A400F6BF2E /* iOS Example */ = {
			isa = PBXNativeTarget;
			buildConfigurationList = D9450304261F98A500F6BF2E /* Build configuration list for PBXNativeTarget "iOS Example" */;
			buildPhases = (
				D94502F1261F98A400F6BF2E /* Sources */,
				D94502F2261F98A400F6BF2E /* Frameworks */,
				D94502F3261F98A400F6BF2E /* Resources */,
			);
			buildRules = (
			);
			dependencies = (
			);
			name = "iOS Example";
			packageProductDependencies = (
				D945030B261F99CC00F6BF2E /* BitcoinCoreKit */,
			);
			productName = "iOS Example";
			productReference = D94502F5261F98A400F6BF2E /* iOS Example.app */;
			productType = "com.apple.product-type.application";
		};
/* End PBXNativeTarget section */

/* Begin PBXProject section */
		D94502ED261F98A400F6BF2E /* Project object */ = {
			isa = PBXProject;
			attributes = {
				LastSwiftUpdateCheck = 1320;
				LastUpgradeCheck = 1240;
				TargetAttributes = {
					6B92B47527992A9D005968DC = {
						CreatedOnToolsVersion = 13.2.1;
						LastSwiftMigration = 1320;
						TestTargetID = D94502F4261F98A400F6BF2E;
					};
					D94502F4261F98A400F6BF2E = {
						CreatedOnToolsVersion = 12.4;
						LastSwiftMigration = 1310;
					};
				};
			};
			buildConfigurationList = D94502F0261F98A400F6BF2E /* Build configuration list for PBXProject "iOS Example" */;
			compatibilityVersion = "Xcode 9.3";
			developmentRegion = en;
			hasScannedForEncodings = 0;
			knownRegions = (
				en,
				Base,
			);
			mainGroup = D94502EC261F98A400F6BF2E;
			productRefGroup = D94502F6261F98A400F6BF2E /* Products */;
			projectDirPath = "";
			projectRoot = "";
			targets = (
				D94502F4261F98A400F6BF2E /* iOS Example */,
				6B92B47527992A9D005968DC /* iOS ExampleTests */,
			);
		};
/* End PBXProject section */

/* Begin PBXResourcesBuildPhase section */
		6B92B47427992A9D005968DC /* Resources */ = {
			isa = PBXResourcesBuildPhase;
			buildActionMask = 2147483647;
			files = (
			);
			runOnlyForDeploymentPostprocessing = 0;
		};
		D94502F3261F98A400F6BF2E /* Resources */ = {
			isa = PBXResourcesBuildPhase;
			buildActionMask = 2147483647;
			files = (
				D94502FD261F98A500F6BF2E /* Assets.xcassets in Resources */,
			);
			runOnlyForDeploymentPostprocessing = 0;
		};
/* End PBXResourcesBuildPhase section */

/* Begin PBXShellScriptBuildPhase section */
		6BD28C2627998DF400C83667 /* Cuckoo */ = {
			isa = PBXShellScriptBuildPhase;
			buildActionMask = 2147483647;
			files = (
			);
			inputFileListPaths = (
			);
			inputPaths = (
			);
			name = Cuckoo;
			outputFileListPaths = (
			);
			outputPaths = (
			);
			runOnlyForDeploymentPostprocessing = 0;
			shellPath = /bin/sh;
			shellScript = "OUTPUT_FILE=\"${PROJECT_DIR}/iOS ExampleTests/GeneratedMocks.swift\"\necho \"Generated Mocks File = ${OUTPUT_FILE}\"\n\nINPUT_DIR=\"${PROJECT_DIR}/../Sources/BitcoinCoreKit\"\necho \"Mocks Input Directory = ${INPUT_DIR}\"\n\n\"${PODS_ROOT}/Cuckoo/run\" generate --testable \"BitcoinCoreKit\" \\\n--output \"${OUTPUT_FILE}\" \\\n\"${INPUT_DIR}/Core/Protocols.swift\"\n";
		};
		CF865F6926A10471B658CD0B /* [CP] Check Pods Manifest.lock */ = {
			isa = PBXShellScriptBuildPhase;
			buildActionMask = 2147483647;
			files = (
			);
			inputFileListPaths = (
			);
			inputPaths = (
				"${PODS_PODFILE_DIR_PATH}/Podfile.lock",
				"${PODS_ROOT}/Manifest.lock",
			);
			name = "[CP] Check Pods Manifest.lock";
			outputFileListPaths = (
			);
			outputPaths = (
				"$(DERIVED_FILE_DIR)/Pods-iOS ExampleTests-checkManifestLockResult.txt",
			);
			runOnlyForDeploymentPostprocessing = 0;
			shellPath = /bin/sh;
			shellScript = "diff \"${PODS_PODFILE_DIR_PATH}/Podfile.lock\" \"${PODS_ROOT}/Manifest.lock\" > /dev/null\nif [ $? != 0 ] ; then\n    # print error to STDERR\n    echo \"error: The sandbox is not in sync with the Podfile.lock. Run 'pod install' or update your CocoaPods installation.\" >&2\n    exit 1\nfi\n# This output is used by Xcode 'outputs' to avoid re-running this script phase.\necho \"SUCCESS\" > \"${SCRIPT_OUTPUT_FILE_0}\"\n";
			showEnvVarsInLog = 0;
		};
/* End PBXShellScriptBuildPhase section */

/* Begin PBXSourcesBuildPhase section */
		6B92B47227992A9D005968DC /* Sources */ = {
			isa = PBXSourcesBuildPhase;
			buildActionMask = 2147483647;
			files = (
				6B92B4EE27992AE5005968DC /* BlockSyncerTests.swift in Sources */,
				6B92B4F827992AE5005968DC /* StateManagerTests.swift in Sources */,
				6B92B50D27992AE5005968DC /* BloomFilterManagerDelegateTests.swift in Sources */,
				6B92B4E927992AE5005968DC /* DataProviderTests.swift in Sources */,
				6B92B50827992AE5005968DC /* GetBlockHashesTaskTests.swift in Sources */,
				6B92B50427992AE5005968DC /* BitcoinMainNetTests.swift in Sources */,
				6B92B4E427992AE5005968DC /* ScriptConverterTests.swift in Sources */,
				6B92B4D427992AE5005968DC /* BlockValidatorHelperTests.swift in Sources */,
				6B92B4F527992AE5005968DC /* UnspentOutputSelectorSingleNoChangeTests.swift in Sources */,
				6B92B50E27992AE5005968DC /* IPeerGroupTests.swift in Sources */,
				6B92B4E527992AE5005968DC /* TransactionInputExtractorTests.swift in Sources */,
				6B92B4EF27992AE5005968DC /* ProofOfWorkValidatorTests.swift in Sources */,
				6B92B4D527992AE5005968DC /* AddressConverterTests.swift in Sources */,
				6B92B50627992AE5005968DC /* PeerManagerTests.swift in Sources */,
				6B92B4FF27992AE5005968DC /* BlockHashFetcherTests.swift in Sources */,
				6B92B4DD27992AE5005968DC /* TransactionPublicKeySetterTests.swift in Sources */,
				6B92B50F27992AE5005968DC /* PeerDelegateTests.swift in Sources */,
				6B92B4E627992AE5005968DC /* SegWitAddress.swift in Sources */,
				6B92B51327992AE5005968DC /* PeerConnectionDelegateTests.swift in Sources */,
				6B92B4DC27992AE5005968DC /* TransactionCreatorTests.swift in Sources */,
				6B92B4D627992AE5005968DC /* PaymentAddressParserTests.swift in Sources */,
				6B92B51227992AE5005968DC /* IPeerTaskDelegateTests.swift in Sources */,
				6B92B4E827992AE5005968DC /* TransactionSizeCalculatorTests.swift in Sources */,
				6B92B4F227992AE5005968DC /* BitsValidatorTests.swift in Sources */,
				6B92B50527992AE5005968DC /* ConnectionTimeoutManagerTests.swift in Sources */,
				6B92B4F927992AE5005968DC /* WatchedTransactionManagerTests.swift in Sources */,
				6B92B4F727992AE5005968DC /* UnspentOutputProviderTests.swift in Sources */,
				6B92B4DA27992AE5005968DC /* SegWitBech32AddressConverterTests.swift in Sources */,
				6B92B4FA27992AE5005968DC /* UnspentOutputSelectorTests.swift in Sources */,
				6B92B4E127992AE5005968DC /* TransactionSyncerTests.swift in Sources */,
				6B92B50127992AE5005968DC /* BlockHashFetcherHelperTests.swift in Sources */,
				6B92B51127992AE5005968DC /* IPeerTests.swift in Sources */,
				6B92B4E327992AE5005968DC /* ChunkTests.swift in Sources */,
				6B92B50027992AE5005968DC /* BlockDiscoveryBatchTest.swift in Sources */,
				6B92B4D927992AE5005968DC /* TestData.swift in Sources */,
				6B92B50B27992AE5005968DC /* GetMerkleBlocksTaskTests.swift in Sources */,
				6B92B4F327992AE5005968DC /* BlockchainTests.swift in Sources */,
				6B92B50227992AE5005968DC /* BitcoinTestNetTests.swift in Sources */,
				6B92B4E727992AE5005968DC /* InputSignerTests.swift in Sources */,
				6B92B4F127992AE5005968DC /* LegacyDifficultyAdjustmentValidatorTests.swift in Sources */,
				6B92B4FE27992AE5005968DC /* IrregularOutputFinderTests.swift in Sources */,
				6B92B4FD27992AE5005968DC /* UnspentOutputSelectorOldTests.swift in Sources */,
				6B92B4D827992AE5005968DC /* Bip69Tests.swift in Sources */,
				6B92B4DB27992AE5005968DC /* TransactionOutputExtractorTests.swift in Sources */,
				6B92B50727992AE5005968DC /* PeerAddressManagerTests.swift in Sources */,
				6B92B50A27992AE5005968DC /* RequestTransactionTaskTests.swift in Sources */,
				6B92B51027992AE5005968DC /* PeerGroupTests.swift in Sources */,
				6B92B50327992AE5005968DC /* TransactionSenderTests.swift in Sources */,
				6B92B4DF27992AE5005968DC /* OutputSetterTests.swift in Sources */,
				6B92B4DE27992AE5005968DC /* TransactionProcessorTests.swift in Sources */,
				6B92B50C27992AE5005968DC /* PeerHostManagerDelegateTests.swift in Sources */,
				6B92B4F427992AE5005968DC /* MerkleBlockValidatorTests.swift in Sources */,
				6B92B4FC27992AE5005968DC /* InitialSyncerTests.swift in Sources */,
				6B92B4EB27992AE5005968DC /* Extensions.swift in Sources */,
				6B92B4D727992AE5005968DC /* MerkleBranchTests.swift in Sources */,
				6B489FF3279A796F007DB020 /* GeneratedMocks.swift in Sources */,
				6B92B51527992AE5005968DC /* BitcoinRegTestNetTests.swift in Sources */,
				6B92B50927992AE5005968DC /* SendTransactionTaskTests.swift in Sources */,
				6B92B4E027992AE5005968DC /* TransactionOutputAddressExtractorTests.swift in Sources */,
				6B92B4EC27992AE5005968DC /* HDPrivateKeyTests.swift in Sources */,
				6B92B4ED27992AE5005968DC /* KitStateProviderTests.swift in Sources */,
				6B92B4F027992AE5005968DC /* LegacyTestNetDifficultyValidatorTests.swift in Sources */,
				6B92B51627992AE5005968DC /* BitcoinCashMainNetTests.swift in Sources */,
				6B92B4FB27992AE5005968DC /* PublicKeyManagerTests.swift in Sources */,
				6B92B4EA27992AE5005968DC /* DifficultyEncoderTests.swift in Sources */,
				6B92B4F627992AE5005968DC /* BloomFilterManagerTests.swift in Sources */,
				6B92B51427992AE5005968DC /* IPeerTaskRequesterTests.swift in Sources */,
				6B92B4E227992AE5005968DC /* ScriptTests.swift in Sources */,
			);
			runOnlyForDeploymentPostprocessing = 0;
		};
		D94502F1261F98A400F6BF2E /* Sources */ = {
			isa = PBXSourcesBuildPhase;
			buildActionMask = 2147483647;
			files = (
				3A39D09D2757536E0022CB8B /* AppDelegate.swift in Sources */,
				3A39D09C2757536E0022CB8B /* ViewController.swift in Sources */,
			);
			runOnlyForDeploymentPostprocessing = 0;
		};
/* End PBXSourcesBuildPhase section */

/* Begin PBXTargetDependency section */
		6B92B47B27992A9D005968DC /* PBXTargetDependency */ = {
			isa = PBXTargetDependency;
			target = D94502F4261F98A400F6BF2E /* iOS Example */;
			targetProxy = 6B92B47A27992A9D005968DC /* PBXContainerItemProxy */;
		};
/* End PBXTargetDependency section */

/* Begin XCBuildConfiguration section */
		6B92B47C27992A9D005968DC /* Debug */ = {
			isa = XCBuildConfiguration;
			baseConfigurationReference = 5CEF90D9E1FCB10C344B3CA7 /* Pods-iOS ExampleTests.debug.xcconfig */;
			buildSettings = {
				BUNDLE_LOADER = "$(TEST_HOST)";
				CLANG_CXX_LANGUAGE_STANDARD = "gnu++17";
				CLANG_ENABLE_MODULES = YES;
				CODE_SIGN_STYLE = Automatic;
				CURRENT_PROJECT_VERSION = 1;
				DEVELOPMENT_TEAM = HC4MCAXJ66;
				GENERATE_INFOPLIST_FILE = YES;
				IPHONEOS_DEPLOYMENT_TARGET = 15.2;
				LD_RUNPATH_SEARCH_PATHS = (
					"$(inherited)",
					"@executable_path/Frameworks",
					"@loader_path/Frameworks",
				);
				MARKETING_VERSION = 1.0;
				PRODUCT_BUNDLE_IDENTIFIER = "io.horizontalsystems.iOS-ExampleTests";
				PRODUCT_NAME = "$(TARGET_NAME)";
				SWIFT_EMIT_LOC_STRINGS = NO;
				SWIFT_OBJC_BRIDGING_HEADER = "iOS ExampleTests/iOS ExampleTests-Bridging-Header.h";
				SWIFT_OPTIMIZATION_LEVEL = "-Onone";
				SWIFT_VERSION = 5.0;
				TARGETED_DEVICE_FAMILY = "1,2";
				TEST_HOST = "$(BUILT_PRODUCTS_DIR)/iOS Example.app/iOS Example";
			};
			name = Debug;
		};
		6B92B47D27992A9D005968DC /* Release */ = {
			isa = XCBuildConfiguration;
			baseConfigurationReference = BE58A7CCE716F59F2A292DDC /* Pods-iOS ExampleTests.release.xcconfig */;
			buildSettings = {
				BUNDLE_LOADER = "$(TEST_HOST)";
				CLANG_CXX_LANGUAGE_STANDARD = "gnu++17";
				CLANG_ENABLE_MODULES = YES;
				CODE_SIGN_STYLE = Automatic;
				CURRENT_PROJECT_VERSION = 1;
				DEVELOPMENT_TEAM = HC4MCAXJ66;
				GENERATE_INFOPLIST_FILE = YES;
				IPHONEOS_DEPLOYMENT_TARGET = 15.2;
				LD_RUNPATH_SEARCH_PATHS = (
					"$(inherited)",
					"@executable_path/Frameworks",
					"@loader_path/Frameworks",
				);
				MARKETING_VERSION = 1.0;
				PRODUCT_BUNDLE_IDENTIFIER = "io.horizontalsystems.iOS-ExampleTests";
				PRODUCT_NAME = "$(TARGET_NAME)";
				SWIFT_EMIT_LOC_STRINGS = NO;
				SWIFT_OBJC_BRIDGING_HEADER = "iOS ExampleTests/iOS ExampleTests-Bridging-Header.h";
				SWIFT_VERSION = 5.0;
				TARGETED_DEVICE_FAMILY = "1,2";
				TEST_HOST = "$(BUILT_PRODUCTS_DIR)/iOS Example.app/iOS Example";
			};
			name = Release;
		};
		D9450302261F98A500F6BF2E /* Debug */ = {
			isa = XCBuildConfiguration;
			buildSettings = {
				ALWAYS_SEARCH_USER_PATHS = NO;
				CLANG_ANALYZER_NONNULL = YES;
				CLANG_ANALYZER_NUMBER_OBJECT_CONVERSION = YES_AGGRESSIVE;
				CLANG_CXX_LANGUAGE_STANDARD = "gnu++14";
				CLANG_CXX_LIBRARY = "libc++";
				CLANG_ENABLE_MODULES = YES;
				CLANG_ENABLE_OBJC_ARC = YES;
				CLANG_ENABLE_OBJC_WEAK = YES;
				CLANG_WARN_BLOCK_CAPTURE_AUTORELEASING = YES;
				CLANG_WARN_BOOL_CONVERSION = YES;
				CLANG_WARN_COMMA = YES;
				CLANG_WARN_CONSTANT_CONVERSION = YES;
				CLANG_WARN_DEPRECATED_OBJC_IMPLEMENTATIONS = YES;
				CLANG_WARN_DIRECT_OBJC_ISA_USAGE = YES_ERROR;
				CLANG_WARN_DOCUMENTATION_COMMENTS = YES;
				CLANG_WARN_EMPTY_BODY = YES;
				CLANG_WARN_ENUM_CONVERSION = YES;
				CLANG_WARN_INFINITE_RECURSION = YES;
				CLANG_WARN_INT_CONVERSION = YES;
				CLANG_WARN_NON_LITERAL_NULL_CONVERSION = YES;
				CLANG_WARN_OBJC_IMPLICIT_RETAIN_SELF = YES;
				CLANG_WARN_OBJC_LITERAL_CONVERSION = YES;
				CLANG_WARN_OBJC_ROOT_CLASS = YES_ERROR;
				CLANG_WARN_QUOTED_INCLUDE_IN_FRAMEWORK_HEADER = YES;
				CLANG_WARN_RANGE_LOOP_ANALYSIS = YES;
				CLANG_WARN_STRICT_PROTOTYPES = YES;
				CLANG_WARN_SUSPICIOUS_MOVE = YES;
				CLANG_WARN_UNGUARDED_AVAILABILITY = YES_AGGRESSIVE;
				CLANG_WARN_UNREACHABLE_CODE = YES;
				CLANG_WARN__DUPLICATE_METHOD_MATCH = YES;
				COPY_PHASE_STRIP = NO;
				DEBUG_INFORMATION_FORMAT = dwarf;
				ENABLE_STRICT_OBJC_MSGSEND = YES;
				ENABLE_TESTABILITY = YES;
				GCC_C_LANGUAGE_STANDARD = gnu11;
				GCC_DYNAMIC_NO_PIC = NO;
				GCC_NO_COMMON_BLOCKS = YES;
				GCC_OPTIMIZATION_LEVEL = 0;
				GCC_PREPROCESSOR_DEFINITIONS = (
					"DEBUG=1",
					"$(inherited)",
				);
				GCC_WARN_64_TO_32_BIT_CONVERSION = YES;
				GCC_WARN_ABOUT_RETURN_TYPE = YES_ERROR;
				GCC_WARN_UNDECLARED_SELECTOR = YES;
				GCC_WARN_UNINITIALIZED_AUTOS = YES_AGGRESSIVE;
				GCC_WARN_UNUSED_FUNCTION = YES;
				GCC_WARN_UNUSED_VARIABLE = YES;
				IPHONEOS_DEPLOYMENT_TARGET = 13.0;
				MTL_ENABLE_DEBUG_INFO = INCLUDE_SOURCE;
				MTL_FAST_MATH = YES;
				ONLY_ACTIVE_ARCH = YES;
				SDKROOT = iphoneos;
				SWIFT_ACTIVE_COMPILATION_CONDITIONS = DEBUG;
				SWIFT_OPTIMIZATION_LEVEL = "-Onone";
			};
			name = Debug;
		};
		D9450303261F98A500F6BF2E /* Release */ = {
			isa = XCBuildConfiguration;
			buildSettings = {
				ALWAYS_SEARCH_USER_PATHS = NO;
				CLANG_ANALYZER_NONNULL = YES;
				CLANG_ANALYZER_NUMBER_OBJECT_CONVERSION = YES_AGGRESSIVE;
				CLANG_CXX_LANGUAGE_STANDARD = "gnu++14";
				CLANG_CXX_LIBRARY = "libc++";
				CLANG_ENABLE_MODULES = YES;
				CLANG_ENABLE_OBJC_ARC = YES;
				CLANG_ENABLE_OBJC_WEAK = YES;
				CLANG_WARN_BLOCK_CAPTURE_AUTORELEASING = YES;
				CLANG_WARN_BOOL_CONVERSION = YES;
				CLANG_WARN_COMMA = YES;
				CLANG_WARN_CONSTANT_CONVERSION = YES;
				CLANG_WARN_DEPRECATED_OBJC_IMPLEMENTATIONS = YES;
				CLANG_WARN_DIRECT_OBJC_ISA_USAGE = YES_ERROR;
				CLANG_WARN_DOCUMENTATION_COMMENTS = YES;
				CLANG_WARN_EMPTY_BODY = YES;
				CLANG_WARN_ENUM_CONVERSION = YES;
				CLANG_WARN_INFINITE_RECURSION = YES;
				CLANG_WARN_INT_CONVERSION = YES;
				CLANG_WARN_NON_LITERAL_NULL_CONVERSION = YES;
				CLANG_WARN_OBJC_IMPLICIT_RETAIN_SELF = YES;
				CLANG_WARN_OBJC_LITERAL_CONVERSION = YES;
				CLANG_WARN_OBJC_ROOT_CLASS = YES_ERROR;
				CLANG_WARN_QUOTED_INCLUDE_IN_FRAMEWORK_HEADER = YES;
				CLANG_WARN_RANGE_LOOP_ANALYSIS = YES;
				CLANG_WARN_STRICT_PROTOTYPES = YES;
				CLANG_WARN_SUSPICIOUS_MOVE = YES;
				CLANG_WARN_UNGUARDED_AVAILABILITY = YES_AGGRESSIVE;
				CLANG_WARN_UNREACHABLE_CODE = YES;
				CLANG_WARN__DUPLICATE_METHOD_MATCH = YES;
				COPY_PHASE_STRIP = NO;
				DEBUG_INFORMATION_FORMAT = "dwarf-with-dsym";
				ENABLE_NS_ASSERTIONS = NO;
				ENABLE_STRICT_OBJC_MSGSEND = YES;
				GCC_C_LANGUAGE_STANDARD = gnu11;
				GCC_NO_COMMON_BLOCKS = YES;
				GCC_WARN_64_TO_32_BIT_CONVERSION = YES;
				GCC_WARN_ABOUT_RETURN_TYPE = YES_ERROR;
				GCC_WARN_UNDECLARED_SELECTOR = YES;
				GCC_WARN_UNINITIALIZED_AUTOS = YES_AGGRESSIVE;
				GCC_WARN_UNUSED_FUNCTION = YES;
				GCC_WARN_UNUSED_VARIABLE = YES;
				IPHONEOS_DEPLOYMENT_TARGET = 13.0;
				MTL_ENABLE_DEBUG_INFO = NO;
				MTL_FAST_MATH = YES;
				SDKROOT = iphoneos;
				SWIFT_COMPILATION_MODE = wholemodule;
				SWIFT_OPTIMIZATION_LEVEL = "-O";
				VALIDATE_PRODUCT = YES;
			};
			name = Release;
		};
		D9450305261F98A500F6BF2E /* Debug */ = {
			isa = XCBuildConfiguration;
			buildSettings = {
				ASSETCATALOG_COMPILER_APPICON_NAME = AppIcon;
				ASSETCATALOG_COMPILER_GLOBAL_ACCENT_COLOR_NAME = AccentColor;
				CLANG_ENABLE_MODULES = YES;
				CODE_SIGN_STYLE = Automatic;
				ENABLE_PREVIEWS = YES;
				INFOPLIST_FILE = Sources/Info.plist;
				IPHONEOS_DEPLOYMENT_TARGET = 14.0;
				LD_RUNPATH_SEARCH_PATHS = (
					"$(inherited)",
					"@executable_path/Frameworks",
				);
				PRODUCT_BUNDLE_IDENTIFIER = "io.horizontalsystems.iOS-Example";
				PRODUCT_NAME = "$(TARGET_NAME)";
				SWIFT_OPTIMIZATION_LEVEL = "-Onone";
				SWIFT_VERSION = 5.0;
				TARGETED_DEVICE_FAMILY = "1,2";
			};
			name = Debug;
		};
		D9450306261F98A500F6BF2E /* Release */ = {
			isa = XCBuildConfiguration;
			buildSettings = {
				ASSETCATALOG_COMPILER_APPICON_NAME = AppIcon;
				ASSETCATALOG_COMPILER_GLOBAL_ACCENT_COLOR_NAME = AccentColor;
				CLANG_ENABLE_MODULES = YES;
				CODE_SIGN_STYLE = Automatic;
				ENABLE_PREVIEWS = YES;
				INFOPLIST_FILE = Sources/Info.plist;
				IPHONEOS_DEPLOYMENT_TARGET = 14.0;
				LD_RUNPATH_SEARCH_PATHS = (
					"$(inherited)",
					"@executable_path/Frameworks",
				);
				PRODUCT_BUNDLE_IDENTIFIER = "io.horizontalsystems.iOS-Example";
				PRODUCT_NAME = "$(TARGET_NAME)";
				SWIFT_VERSION = 5.0;
				TARGETED_DEVICE_FAMILY = "1,2";
			};
			name = Release;
		};
/* End XCBuildConfiguration section */

/* Begin XCConfigurationList section */
		6B92B47E27992A9D005968DC /* Build configuration list for PBXNativeTarget "iOS ExampleTests" */ = {
			isa = XCConfigurationList;
			buildConfigurations = (
				6B92B47C27992A9D005968DC /* Debug */,
				6B92B47D27992A9D005968DC /* Release */,
			);
			defaultConfigurationIsVisible = 0;
			defaultConfigurationName = Release;
		};
		D94502F0261F98A400F6BF2E /* Build configuration list for PBXProject "iOS Example" */ = {
			isa = XCConfigurationList;
			buildConfigurations = (
				D9450302261F98A500F6BF2E /* Debug */,
				D9450303261F98A500F6BF2E /* Release */,
			);
			defaultConfigurationIsVisible = 0;
			defaultConfigurationName = Release;
		};
		D9450304261F98A500F6BF2E /* Build configuration list for PBXNativeTarget "iOS Example" */ = {
			isa = XCConfigurationList;
			buildConfigurations = (
				D9450305261F98A500F6BF2E /* Debug */,
				D9450306261F98A500F6BF2E /* Release */,
			);
			defaultConfigurationIsVisible = 0;
			defaultConfigurationName = Release;
		};
/* End XCConfigurationList section */

/* Begin XCSwiftPackageProductDependency section */
		D945030B261F99CC00F6BF2E /* BitcoinCoreKit */ = {
			isa = XCSwiftPackageProductDependency;
			productName = BitcoinCoreKit;
		};
/* End XCSwiftPackageProductDependency section */
	};
	rootObject = D94502ED261F98A400F6BF2E /* Project object */;
}
